
Microsoft Visual Studio Solution File, Format Version 12.00
# Visual Studio 2013
VisualStudioVersion = 12.0.31101.0
MinimumVisualStudioVersion = 10.0.40219.1
Project("{FAE04EC0-301F-11D3-BF4B-00C04F79EFBC}") = "NoIP.DDNS", "NoIP.DDNS\NoIP.DDNS.csproj", "{D82B2AA1-901C-418A-970F-B6445A1E5033}"
EndProject
Project("{FAE04EC0-301F-11D3-BF4B-00C04F79EFBC}") = "NoIP.DDNS.Test", "NoIP.DDNS.Test\NoIP.DDNS.Test.csproj", "{42E67CF9-FF06-4991-8D81-9864D37971E6}"
EndProject
Project("{2150E333-8FDC-42A3-9474-1A3956D46DE8}") = "Solution Items", "Solution Items", "{193DE76A-8B01-4D32-A002-D412C712DCF0}"
	ProjectSection(SolutionItems) = preProject
		..\.gitattributes = ..\.gitattributes
		..\.gitignore = ..\.gitignore
		..\LICENSE = ..\LICENSE
		..\README.md = ..\README.md
		RebuildClientDocs.bat = RebuildClientDocs.bat
	EndProjectSection
EndProject
Global
	GlobalSection(SolutionConfigurationPlatforms) = preSolution
		Debug|Any CPU = Debug|Any CPU
		Deploy|Any CPU = Deploy|Any CPU
		Release|Any CPU = Release|Any CPU
	EndGlobalSection
	GlobalSection(ProjectConfigurationPlatforms) = postSolution
		{D82B2AA1-901C-418A-970F-B6445A1E5033}.Debug|Any CPU.ActiveCfg = Debug|Any CPU
		{D82B2AA1-901C-418A-970F-B6445A1E5033}.Debug|Any CPU.Build.0 = Debug|Any CPU
		{D82B2AA1-901C-418A-970F-B6445A1E5033}.Deploy|Any CPU.ActiveCfg = Release|Any CPU
		{D82B2AA1-901C-418A-970F-B6445A1E5033}.Deploy|Any CPU.Build.0 = Release|Any CPU
		{D82B2AA1-901C-418A-970F-B6445A1E5033}.Release|Any CPU.ActiveCfg = Release|Any CPU
		{D82B2AA1-901C-418A-970F-B6445A1E5033}.Release|Any CPU.Build.0 = Release|Any CPU
		{42E67CF9-FF06-4991-8D81-9864D37971E6}.Debug|Any CPU.ActiveCfg = Debug|Any CPU
		{42E67CF9-FF06-4991-8D81-9864D37971E6}.Debug|Any CPU.Build.0 = Debug|Any CPU
		{42E67CF9-FF06-4991-8D81-9864D37971E6}.Deploy|Any CPU.ActiveCfg = Release|Any CPU
		{42E67CF9-FF06-4991-8D81-9864D37971E6}.Deploy|Any CPU.Build.0 = Release|Any CPU
		{42E67CF9-FF06-4991-8D81-9864D37971E6}.Release|Any CPU.ActiveCfg = Release|Any CPU
		{42E67CF9-FF06-4991-8D81-9864D37971E6}.Release|Any CPU.Build.0 = Release|Any CPU
	EndGlobalSection
	GlobalSection(SolutionProperties) = preSolution
		HideSolutionNode = FALSE
	EndGlobalSection
EndGlobal
